
Microsoft Visual Studio Solution File, Format Version 11.00
# Visual Studio 2010
Project("{FAE04EC0-301F-11D3-BF4B-00C04F79EFBC}") = "Tp.Integration.Plugin.TaskCreator", "Tp.Integration.Plugin.TaskCreator\Tp.Integration.Plugin.TaskCreator.csproj", "{A56E812D-B7D4-43ED-8E66-3825E2792B26}"
EndProject
Project("{FAE04EC0-301F-11D3-BF4B-00C04F79EFBC}") = "Tp.Integration.Plugin.TaskCreator.Tests", "Tp.Integration.Plugin.TaskCreator.Tests\Tp.Integration.Plugin.TaskCreator.Tests.csproj", "{6C5B576C-7C5E-4BE5-BAF3-77C755A934F2}"
EndProject
Global
	GlobalSection(SolutionConfigurationPlatforms) = preSolution
		Debug|Any CPU = Debug|Any CPU
		Release|Any CPU = Release|Any CPU
	EndGlobalSection
	GlobalSection(ProjectConfigurationPlatforms) = postSolution
		{A56E812D-B7D4-43ED-8E66-3825E2792B26}.Debug|Any CPU.ActiveCfg = Debug|Any CPU
		{A56E812D-B7D4-43ED-8E66-3825E2792B26}.Debug|Any CPU.Build.0 = Debug|Any CPU
		{A56E812D-B7D4-43ED-8E66-3825E2792B26}.Release|Any CPU.ActiveCfg = Release|Any CPU
		{A56E812D-B7D4-43ED-8E66-3825E2792B26}.Release|Any CPU.Build.0 = Release|Any CPU
		{6C5B576C-7C5E-4BE5-BAF3-77C755A934F2}.Debug|Any CPU.ActiveCfg = Debug|Any CPU
		{6C5B576C-7C5E-4BE5-BAF3-77C755A934F2}.Debug|Any CPU.Build.0 = Debug|Any CPU
		{6C5B576C-7C5E-4BE5-BAF3-77C755A934F2}.Release|Any CPU.ActiveCfg = Release|Any CPU
		{6C5B576C-7C5E-4BE5-BAF3-77C755A934F2}.Release|Any CPU.Build.0 = Release|Any CPU
	EndGlobalSection
	GlobalSection(SolutionProperties) = preSolution
		HideSolutionNode = FALSE
	EndGlobalSection
EndGlobal
